// !$*UTF8*$!
{
	archiveVersion = 1;
	classes = {
	};
	objectVersion = 46;
	objects = {

/* Begin PBXBuildFile section */
		5E740FD4DCB9EEEAF76A1359 /* Pods_TwittsterTests.framework in Frameworks */ = {isa = PBXBuildFile; fileRef = 77A7C3DA684EE45F6544CE17 /* Pods_TwittsterTests.framework */; };
		8B09C2AD1DCC352100B73FB8 /* MentionsViewController.swift in Sources */ = {isa = PBXBuildFile; fileRef = 8B09C2AC1DCC352100B73FB8 /* MentionsViewController.swift */; };
		8B639D661DCBC43F008FA772 /* BlueViewController.swift in Sources */ = {isa = PBXBuildFile; fileRef = 8B639D651DCBC43F008FA772 /* BlueViewController.swift */; };
		8B639D681DCBC457008FA772 /* RedViewController.swift in Sources */ = {isa = PBXBuildFile; fileRef = 8B639D671DCBC457008FA772 /* RedViewController.swift */; };
		8B6AF1791DC2B39C000C05CA /* Constant.swift in Sources */ = {isa = PBXBuildFile; fileRef = 8B6AF1781DC2B39C000C05CA /* Constant.swift */; };
		8B6AF17B1DC307A9000C05CA /* TwitterServer.swift in Sources */ = {isa = PBXBuildFile; fileRef = 8B6AF17A1DC307A9000C05CA /* TwitterServer.swift */; };
		8B6AF17F1DC32111000C05CA /* MainViewController.swift in Sources */ = {isa = PBXBuildFile; fileRef = 8B6AF17E1DC32110000C05CA /* MainViewController.swift */; };
		8B6AF1821DC411FF000C05CA /* Tweet.swift in Sources */ = {isa = PBXBuildFile; fileRef = 8B6AF1811DC411FF000C05CA /* Tweet.swift */; };
		8B6AF1871DC41289000C05CA /* TweetSample.m in Sources */ = {isa = PBXBuildFile; fileRef = 8B6AF1861DC41289000C05CA /* TweetSample.m */; };
		8B6AF18A1DC41447000C05CA /* TwittsterUser.swift in Sources */ = {isa = PBXBuildFile; fileRef = 8B6AF1891DC41447000C05CA /* TwittsterUser.swift */; };
		8B6AF18C1DC41592000C05CA /* TweetEntities.swift in Sources */ = {isa = PBXBuildFile; fileRef = 8B6AF18B1DC41592000C05CA /* TweetEntities.swift */; };
		8B72A1E51DCD5402005721B8 /* ProfileViewController.swift in Sources */ = {isa = PBXBuildFile; fileRef = 8B72A1E41DCD5402005721B8 /* ProfileViewController.swift */; };
		8B7F9C941DCE73E200C66CDF /* ProfileBannerViewCell.swift in Sources */ = {isa = PBXBuildFile; fileRef = 8B7F9C931DCE73E200C66CDF /* ProfileBannerViewCell.swift */; };
		8B7F9C961DCEBF1400C66CDF /* UserStateCell.swift in Sources */ = {isa = PBXBuildFile; fileRef = 8B7F9C951DCEBF1400C66CDF /* UserStateCell.swift */; };
		8B8684391DC5238E003D1287 /* MainTweetCell.swift in Sources */ = {isa = PBXBuildFile; fileRef = 8B8684381DC5238E003D1287 /* MainTweetCell.swift */; };
		8BACBF1B1DC2ABFC0089CB59 /* AppDelegate.swift in Sources */ = {isa = PBXBuildFile; fileRef = 8BACBF1A1DC2ABFC0089CB59 /* AppDelegate.swift */; };
		8BACBF201DC2ABFC0089CB59 /* Main.storyboard in Resources */ = {isa = PBXBuildFile; fileRef = 8BACBF1E1DC2ABFC0089CB59 /* Main.storyboard */; };
		8BACBF221DC2ABFC0089CB59 /* Assets.xcassets in Resources */ = {isa = PBXBuildFile; fileRef = 8BACBF211DC2ABFC0089CB59 /* Assets.xcassets */; };
		8BACBF251DC2ABFC0089CB59 /* LaunchScreen.storyboard in Resources */ = {isa = PBXBuildFile; fileRef = 8BACBF231DC2ABFC0089CB59 /* LaunchScreen.storyboard */; };
		8BACBF301DC2ABFC0089CB59 /* TwittsterTests.swift in Sources */ = {isa = PBXBuildFile; fileRef = 8BACBF2F1DC2ABFC0089CB59 /* TwittsterTests.swift */; };
		8BACBF3B1DC2ABFC0089CB59 /* TwittsterUITests.swift in Sources */ = {isa = PBXBuildFile; fileRef = 8BACBF3A1DC2ABFC0089CB59 /* TwittsterUITests.swift */; };
		8BB1E5281DCA9AAB0092BEC9 /* HamburgerViewController.swift in Sources */ = {isa = PBXBuildFile; fileRef = 8BB1E5271DCA9AAB0092BEC9 /* HamburgerViewController.swift */; };
		8BC5D7541DCFBC3600903169 /* MenuCell.swift in Sources */ = {isa = PBXBuildFile; fileRef = 8BC5D7531DCFBC3600903169 /* MenuCell.swift */; };
		8BC5D7571DCFEB4B00903169 /* UserAccountCell.swift in Sources */ = {isa = PBXBuildFile; fileRef = 8BC5D7561DCFEB4B00903169 /* UserAccountCell.swift */; };
		8BC5D7591DCFF14900903169 /* AddCell.swift in Sources */ = {isa = PBXBuildFile; fileRef = 8BC5D7581DCFF14900903169 /* AddCell.swift */; };
		8BC6E1F51DCAAE09002E2ACF /* MenuViewController.swift in Sources */ = {isa = PBXBuildFile; fileRef = 8BC6E1F41DCAAE09002E2ACF /* MenuViewController.swift */; };
		8BCA546A1DC71EE3001DD7F0 /* LoginVC.swift in Sources */ = {isa = PBXBuildFile; fileRef = 8BCA54691DC71EE3001DD7F0 /* LoginVC.swift */; };
		8BD8683A1DC6EE9F001BCD99 /* ComposeViewController.swift in Sources */ = {isa = PBXBuildFile; fileRef = 8BD868391DC6EE9F001BCD99 /* ComposeViewController.swift */; };
		8BFDA0971DC553E500FACA24 /* DetailViewController.swift in Sources */ = {isa = PBXBuildFile; fileRef = 8BFDA0961DC553E500FACA24 /* DetailViewController.swift */; };
		9E77566C93F3CA306B4CC5AF /* Pods_TwittsterUITests.framework in Frameworks */ = {isa = PBXBuildFile; fileRef = 12A33B4E6A95FB4C3205AC65 /* Pods_TwittsterUITests.framework */; };
		F338830F0633A4E59B1BD255 /* Pods_Twittster.framework in Frameworks */ = {isa = PBXBuildFile; fileRef = 5A28469BD54875E955486CF9 /* Pods_Twittster.framework */; };
/* End PBXBuildFile section */

/* Begin PBXContainerItemProxy section */
		8BACBF2C1DC2ABFC0089CB59 /* PBXContainerItemProxy */ = {
			isa = PBXContainerItemProxy;
			containerPortal = 8BACBF0F1DC2ABFC0089CB59 /* Project object */;
			proxyType = 1;
			remoteGlobalIDString = 8BACBF161DC2ABFC0089CB59;
			remoteInfo = Twittster;
		};
		8BACBF371DC2ABFC0089CB59 /* PBXContainerItemProxy */ = {
			isa = PBXContainerItemProxy;
			containerPortal = 8BACBF0F1DC2ABFC0089CB59 /* Project object */;
			proxyType = 1;
			remoteGlobalIDString = 8BACBF161DC2ABFC0089CB59;
			remoteInfo = Twittster;
		};
/* End PBXContainerItemProxy section */

/* Begin PBXFileReference section */
		03F71FC1A9F0B292E94D6509 /* Pods-Twittster.debug.xcconfig */ = {isa = PBXFileReference; includeInIndex = 1; lastKnownFileType = text.xcconfig; name = "Pods-Twittster.debug.xcconfig"; path = "Pods/Target Support Files/Pods-Twittster/Pods-Twittster.debug.xcconfig"; sourceTree = "<group>"; };
		12A33B4E6A95FB4C3205AC65 /* Pods_TwittsterUITests.framework */ = {isa = PBXFileReference; explicitFileType = wrapper.framework; includeInIndex = 0; path = Pods_TwittsterUITests.framework; sourceTree = BUILT_PRODUCTS_DIR; };
		1B3C20B171ADA2C823F85651 /* Pods-TwittsterUITests.release.xcconfig */ = {isa = PBXFileReference; includeInIndex = 1; lastKnownFileType = text.xcconfig; name = "Pods-TwittsterUITests.release.xcconfig"; path = "Pods/Target Support Files/Pods-TwittsterUITests/Pods-TwittsterUITests.release.xcconfig"; sourceTree = "<group>"; };
		531C172528A986A5122B6385 /* Pods-Twittster.release.xcconfig */ = {isa = PBXFileReference; includeInIndex = 1; lastKnownFileType = text.xcconfig; name = "Pods-Twittster.release.xcconfig"; path = "Pods/Target Support Files/Pods-Twittster/Pods-Twittster.release.xcconfig"; sourceTree = "<group>"; };
		5A28469BD54875E955486CF9 /* Pods_Twittster.framework */ = {isa = PBXFileReference; explicitFileType = wrapper.framework; includeInIndex = 0; path = Pods_Twittster.framework; sourceTree = BUILT_PRODUCTS_DIR; };
		5EEEDCE23F5FA5BD9BED0C41 /* Pods-TwittsterTests.debug.xcconfig */ = {isa = PBXFileReference; includeInIndex = 1; lastKnownFileType = text.xcconfig; name = "Pods-TwittsterTests.debug.xcconfig"; path = "Pods/Target Support Files/Pods-TwittsterTests/Pods-TwittsterTests.debug.xcconfig"; sourceTree = "<group>"; };
		77A7C3DA684EE45F6544CE17 /* Pods_TwittsterTests.framework */ = {isa = PBXFileReference; explicitFileType = wrapper.framework; includeInIndex = 0; path = Pods_TwittsterTests.framework; sourceTree = BUILT_PRODUCTS_DIR; };
		8B09C2AC1DCC352100B73FB8 /* MentionsViewController.swift */ = {isa = PBXFileReference; fileEncoding = 4; lastKnownFileType = sourcecode.swift; path = MentionsViewController.swift; sourceTree = "<group>"; };
		8B639D651DCBC43F008FA772 /* BlueViewController.swift */ = {isa = PBXFileReference; fileEncoding = 4; lastKnownFileType = sourcecode.swift; path = BlueViewController.swift; sourceTree = "<group>"; };
		8B639D671DCBC457008FA772 /* RedViewController.swift */ = {isa = PBXFileReference; fileEncoding = 4; lastKnownFileType = sourcecode.swift; path = RedViewController.swift; sourceTree = "<group>"; };
		8B6AF1781DC2B39C000C05CA /* Constant.swift */ = {isa = PBXFileReference; fileEncoding = 4; lastKnownFileType = sourcecode.swift; path = Constant.swift; sourceTree = "<group>"; };
		8B6AF17A1DC307A9000C05CA /* TwitterServer.swift */ = {isa = PBXFileReference; fileEncoding = 4; lastKnownFileType = sourcecode.swift; path = TwitterServer.swift; sourceTree = "<group>"; };
		8B6AF17E1DC32110000C05CA /* MainViewController.swift */ = {isa = PBXFileReference; fileEncoding = 4; lastKnownFileType = sourcecode.swift; path = MainViewController.swift; sourceTree = "<group>"; };
		8B6AF1811DC411FF000C05CA /* Tweet.swift */ = {isa = PBXFileReference; fileEncoding = 4; lastKnownFileType = sourcecode.swift; path = Tweet.swift; sourceTree = "<group>"; };
		8B6AF1841DC41289000C05CA /* Twittster-Bridging-Header.h */ = {isa = PBXFileReference; lastKnownFileType = sourcecode.c.h; path = "Twittster-Bridging-Header.h"; sourceTree = "<group>"; };
		8B6AF1851DC41289000C05CA /* TweetSample.h */ = {isa = PBXFileReference; fileEncoding = 4; lastKnownFileType = sourcecode.c.h; path = TweetSample.h; sourceTree = "<group>"; };
		8B6AF1861DC41289000C05CA /* TweetSample.m */ = {isa = PBXFileReference; fileEncoding = 4; lastKnownFileType = sourcecode.c.objc; path = TweetSample.m; sourceTree = "<group>"; };
		8B6AF1891DC41447000C05CA /* TwittsterUser.swift */ = {isa = PBXFileReference; fileEncoding = 4; lastKnownFileType = sourcecode.swift; path = TwittsterUser.swift; sourceTree = "<group>"; };
		8B6AF18B1DC41592000C05CA /* TweetEntities.swift */ = {isa = PBXFileReference; fileEncoding = 4; lastKnownFileType = sourcecode.swift; path = TweetEntities.swift; sourceTree = "<group>"; };
		8B72A1E41DCD5402005721B8 /* ProfileViewController.swift */ = {isa = PBXFileReference; fileEncoding = 4; lastKnownFileType = sourcecode.swift; path = ProfileViewController.swift; sourceTree = "<group>"; };
		8B7F9C931DCE73E200C66CDF /* ProfileBannerViewCell.swift */ = {isa = PBXFileReference; fileEncoding = 4; lastKnownFileType = sourcecode.swift; path = ProfileBannerViewCell.swift; sourceTree = "<group>"; };
		8B7F9C951DCEBF1400C66CDF /* UserStateCell.swift */ = {isa = PBXFileReference; fileEncoding = 4; lastKnownFileType = sourcecode.swift; path = UserStateCell.swift; sourceTree = "<group>"; };
		8B8684361DC46215003D1287 /* Twittster.entitlements */ = {isa = PBXFileReference; lastKnownFileType = text.plist.entitlements; path = Twittster.entitlements; sourceTree = "<group>"; };
		8B8684381DC5238E003D1287 /* MainTweetCell.swift */ = {isa = PBXFileReference; fileEncoding = 4; lastKnownFileType = sourcecode.swift; path = MainTweetCell.swift; sourceTree = "<group>"; };
		8BACBF171DC2ABFC0089CB59 /* Twittster.app */ = {isa = PBXFileReference; explicitFileType = wrapper.application; includeInIndex = 0; path = Twittster.app; sourceTree = BUILT_PRODUCTS_DIR; };
		8BACBF1A1DC2ABFC0089CB59 /* AppDelegate.swift */ = {isa = PBXFileReference; lastKnownFileType = sourcecode.swift; path = AppDelegate.swift; sourceTree = "<group>"; };
		8BACBF1F1DC2ABFC0089CB59 /* Base */ = {isa = PBXFileReference; lastKnownFileType = file.storyboard; name = Base; path = Base.lproj/Main.storyboard; sourceTree = "<group>"; };
		8BACBF211DC2ABFC0089CB59 /* Assets.xcassets */ = {isa = PBXFileReference; lastKnownFileType = folder.assetcatalog; path = Assets.xcassets; sourceTree = "<group>"; };
		8BACBF241DC2ABFC0089CB59 /* Base */ = {isa = PBXFileReference; lastKnownFileType = file.storyboard; name = Base; path = Base.lproj/LaunchScreen.storyboard; sourceTree = "<group>"; };
		8BACBF261DC2ABFC0089CB59 /* Info.plist */ = {isa = PBXFileReference; lastKnownFileType = text.plist.xml; path = Info.plist; sourceTree = "<group>"; };
		8BACBF2B1DC2ABFC0089CB59 /* TwittsterTests.xctest */ = {isa = PBXFileReference; explicitFileType = wrapper.cfbundle; includeInIndex = 0; path = TwittsterTests.xctest; sourceTree = BUILT_PRODUCTS_DIR; };
		8BACBF2F1DC2ABFC0089CB59 /* TwittsterTests.swift */ = {isa = PBXFileReference; lastKnownFileType = sourcecode.swift; path = TwittsterTests.swift; sourceTree = "<group>"; };
		8BACBF311DC2ABFC0089CB59 /* Info.plist */ = {isa = PBXFileReference; lastKnownFileType = text.plist.xml; path = Info.plist; sourceTree = "<group>"; };
		8BACBF361DC2ABFC0089CB59 /* TwittsterUITests.xctest */ = {isa = PBXFileReference; explicitFileType = wrapper.cfbundle; includeInIndex = 0; path = TwittsterUITests.xctest; sourceTree = BUILT_PRODUCTS_DIR; };
		8BACBF3A1DC2ABFC0089CB59 /* TwittsterUITests.swift */ = {isa = PBXFileReference; lastKnownFileType = sourcecode.swift; path = TwittsterUITests.swift; sourceTree = "<group>"; };
		8BACBF3C1DC2ABFC0089CB59 /* Info.plist */ = {isa = PBXFileReference; lastKnownFileType = text.plist.xml; path = Info.plist; sourceTree = "<group>"; };
		8BB1E5271DCA9AAB0092BEC9 /* HamburgerViewController.swift */ = {isa = PBXFileReference; fileEncoding = 4; lastKnownFileType = sourcecode.swift; path = HamburgerViewController.swift; sourceTree = "<group>"; };
		8BC5D7531DCFBC3600903169 /* MenuCell.swift */ = {isa = PBXFileReference; fileEncoding = 4; lastKnownFileType = sourcecode.swift; path = MenuCell.swift; sourceTree = "<group>"; };
		8BC5D7561DCFEB4B00903169 /* UserAccountCell.swift */ = {isa = PBXFileReference; fileEncoding = 4; lastKnownFileType = sourcecode.swift; path = UserAccountCell.swift; sourceTree = "<group>"; };
		8BC5D7581DCFF14900903169 /* AddCell.swift */ = {isa = PBXFileReference; fileEncoding = 4; lastKnownFileType = sourcecode.swift; path = AddCell.swift; sourceTree = "<group>"; };
		8BC6E1F41DCAAE09002E2ACF /* MenuViewController.swift */ = {isa = PBXFileReference; fileEncoding = 4; lastKnownFileType = sourcecode.swift; path = MenuViewController.swift; sourceTree = "<group>"; };
		8BCA54691DC71EE3001DD7F0 /* LoginVC.swift */ = {isa = PBXFileReference; fileEncoding = 4; lastKnownFileType = sourcecode.swift; path = LoginVC.swift; sourceTree = "<group>"; };
		8BD868391DC6EE9F001BCD99 /* ComposeViewController.swift */ = {isa = PBXFileReference; fileEncoding = 4; lastKnownFileType = sourcecode.swift; path = ComposeViewController.swift; sourceTree = "<group>"; };
		8BFDA0961DC553E500FACA24 /* DetailViewController.swift */ = {isa = PBXFileReference; fileEncoding = 4; lastKnownFileType = sourcecode.swift; path = DetailViewController.swift; sourceTree = "<group>"; };
		C85AC6AAC6BBC14DE0533042 /* Pods-TwittsterTests.release.xcconfig */ = {isa = PBXFileReference; includeInIndex = 1; lastKnownFileType = text.xcconfig; name = "Pods-TwittsterTests.release.xcconfig"; path = "Pods/Target Support Files/Pods-TwittsterTests/Pods-TwittsterTests.release.xcconfig"; sourceTree = "<group>"; };
		EC24F3E29195080DF85EC5F4 /* Pods-TwittsterUITests.debug.xcconfig */ = {isa = PBXFileReference; includeInIndex = 1; lastKnownFileType = text.xcconfig; name = "Pods-TwittsterUITests.debug.xcconfig"; path = "Pods/Target Support Files/Pods-TwittsterUITests/Pods-TwittsterUITests.debug.xcconfig"; sourceTree = "<group>"; };
/* End PBXFileReference section */

/* Begin PBXFrameworksBuildPhase section */
		8BACBF141DC2ABFC0089CB59 /* Frameworks */ = {
			isa = PBXFrameworksBuildPhase;
			buildActionMask = 2147483647;
			files = (
				F338830F0633A4E59B1BD255 /* Pods_Twittster.framework in Frameworks */,
			);
			runOnlyForDeploymentPostprocessing = 0;
		};
		8BACBF281DC2ABFC0089CB59 /* Frameworks */ = {
			isa = PBXFrameworksBuildPhase;
			buildActionMask = 2147483647;
			files = (
				5E740FD4DCB9EEEAF76A1359 /* Pods_TwittsterTests.framework in Frameworks */,
			);
			runOnlyForDeploymentPostprocessing = 0;
		};
		8BACBF331DC2ABFC0089CB59 /* Frameworks */ = {
			isa = PBXFrameworksBuildPhase;
			buildActionMask = 2147483647;
			files = (
				9E77566C93F3CA306B4CC5AF /* Pods_TwittsterUITests.framework in Frameworks */,
			);
			runOnlyForDeploymentPostprocessing = 0;
		};
/* End PBXFrameworksBuildPhase section */

/* Begin PBXGroup section */
		0F44D4F8CDB6595B5274F2E2 /* Frameworks */ = {
			isa = PBXGroup;
			children = (
				5A28469BD54875E955486CF9 /* Pods_Twittster.framework */,
				77A7C3DA684EE45F6544CE17 /* Pods_TwittsterTests.framework */,
				12A33B4E6A95FB4C3205AC65 /* Pods_TwittsterUITests.framework */,
			);
			name = Frameworks;
			sourceTree = "<group>";
		};
		8B6AF17C1DC30A14000C05CA /* TwitterServer */ = {
			isa = PBXGroup;
			children = (
				8B6AF17A1DC307A9000C05CA /* TwitterServer.swift */,
			);
			name = TwitterServer;
			sourceTree = "<group>";
		};
		8B6AF17D1DC30A1E000C05CA /* Login View Controller */ = {
			isa = PBXGroup;
			children = (
				8BCA54691DC71EE3001DD7F0 /* LoginVC.swift */,
			);
			name = "Login View Controller";
			sourceTree = "<group>";
		};
		8B6AF1801DC32119000C05CA /* Main & Mentions View Controller */ = {
			isa = PBXGroup;
			children = (
				8B6AF17E1DC32110000C05CA /* MainViewController.swift */,
				8B09C2AC1DCC352100B73FB8 /* MentionsViewController.swift */,
				8B86843A1DC52399003D1287 /* Cell */,
			);
			name = "Main & Mentions View Controller";
			sourceTree = "<group>";
		};
		8B6AF1831DC4120D000C05CA /* Model */ = {
			isa = PBXGroup;
			children = (
				8B6AF1811DC411FF000C05CA /* Tweet.swift */,
				8B6AF1851DC41289000C05CA /* TweetSample.h */,
				8B6AF1861DC41289000C05CA /* TweetSample.m */,
				8B6AF1841DC41289000C05CA /* Twittster-Bridging-Header.h */,
				8B6AF18B1DC41592000C05CA /* TweetEntities.swift */,
				8B6AF1891DC41447000C05CA /* TwittsterUser.swift */,
			);
			name = Model;
			sourceTree = "<group>";
		};
		8B72A1E61DCD9517005721B8 /* Profile View Controller */ = {
			isa = PBXGroup;
			children = (
				8B72A1E41DCD5402005721B8 /* ProfileViewController.swift */,
				8B7F9C931DCE73E200C66CDF /* ProfileBannerViewCell.swift */,
				8B7F9C951DCEBF1400C66CDF /* UserStateCell.swift */,
			);
			name = "Profile View Controller";
			sourceTree = "<group>";
		};
		8B86843A1DC52399003D1287 /* Cell */ = {
			isa = PBXGroup;
			children = (
				8B8684381DC5238E003D1287 /* MainTweetCell.swift */,
			);
			name = Cell;
			sourceTree = "<group>";
		};
		8BACBF0E1DC2ABFC0089CB59 = {
			isa = PBXGroup;
			children = (
				8BACBF191DC2ABFC0089CB59 /* Twittster */,
				8BACBF2E1DC2ABFC0089CB59 /* TwittsterTests */,
				8BACBF391DC2ABFC0089CB59 /* TwittsterUITests */,
				8BACBF181DC2ABFC0089CB59 /* Products */,
				8ED42D00870590ACA1305B4A /* Pods */,
				0F44D4F8CDB6595B5274F2E2 /* Frameworks */,
			);
			sourceTree = "<group>";
		};
		8BACBF181DC2ABFC0089CB59 /* Products */ = {
			isa = PBXGroup;
			children = (
				8BACBF171DC2ABFC0089CB59 /* Twittster.app */,
				8BACBF2B1DC2ABFC0089CB59 /* TwittsterTests.xctest */,
				8BACBF361DC2ABFC0089CB59 /* TwittsterUITests.xctest */,
			);
			name = Products;
			sourceTree = "<group>";
		};
		8BACBF191DC2ABFC0089CB59 /* Twittster */ = {
			isa = PBXGroup;
			children = (
				8B8684361DC46215003D1287 /* Twittster.entitlements */,
				8BACBF1E1DC2ABFC0089CB59 /* Main.storyboard */,
				8B6AF1781DC2B39C000C05CA /* Constant.swift */,
				8BACBF1A1DC2ABFC0089CB59 /* AppDelegate.swift */,
				8B6AF1831DC4120D000C05CA /* Model */,
				8B6AF1801DC32119000C05CA /* Main & Mentions View Controller */,
				8B72A1E61DCD9517005721B8 /* Profile View Controller */,
				8B6AF17D1DC30A1E000C05CA /* Login View Controller */,
				8BFDA0981DC553F500FACA24 /* Detail View Controller */,
				8BB1E5291DCA9AB10092BEC9 /* Hamburger View Controller */,
				8BC6E1F61DCAAE0E002E2ACF /* Menu View Controller */,
				8B6AF17C1DC30A14000C05CA /* TwitterServer */,
				8BD8683B1DC6EEA4001BCD99 /* Compose View Controller */,
				8BACBF261DC2ABFC0089CB59 /* Info.plist */,
				8BACBF231DC2ABFC0089CB59 /* LaunchScreen.storyboard */,
				8BACBF211DC2ABFC0089CB59 /* Assets.xcassets */,
			);
			path = Twittster;
			sourceTree = "<group>";
		};
		8BACBF2E1DC2ABFC0089CB59 /* TwittsterTests */ = {
			isa = PBXGroup;
			children = (
				8BACBF2F1DC2ABFC0089CB59 /* TwittsterTests.swift */,
				8BACBF311DC2ABFC0089CB59 /* Info.plist */,
			);
			path = TwittsterTests;
			sourceTree = "<group>";
		};
		8BACBF391DC2ABFC0089CB59 /* TwittsterUITests */ = {
			isa = PBXGroup;
			children = (
				8BACBF3A1DC2ABFC0089CB59 /* TwittsterUITests.swift */,
				8BACBF3C1DC2ABFC0089CB59 /* Info.plist */,
			);
			path = TwittsterUITests;
			sourceTree = "<group>";
		};
		8BB1E5291DCA9AB10092BEC9 /* Hamburger View Controller */ = {
			isa = PBXGroup;
			children = (
				8BB1E5271DCA9AAB0092BEC9 /* HamburgerViewController.swift */,
			);
			name = "Hamburger View Controller";
			sourceTree = "<group>";
		};
		8BC6E1F61DCAAE0E002E2ACF /* Menu View Controller */ = {
			isa = PBXGroup;
			children = (
				8BC6E1F41DCAAE09002E2ACF /* MenuViewController.swift */,
				8B639D651DCBC43F008FA772 /* BlueViewController.swift */,
				8B639D671DCBC457008FA772 /* RedViewController.swift */,
				8BC5D7531DCFBC3600903169 /* MenuCell.swift */,
				8BC5D7561DCFEB4B00903169 /* UserAccountCell.swift */,
				8BC5D7581DCFF14900903169 /* AddCell.swift */,
			);
			name = "Menu View Controller";
			sourceTree = "<group>";
		};
		8BD8683B1DC6EEA4001BCD99 /* Compose View Controller */ = {
			isa = PBXGroup;
			children = (
				8BD868391DC6EE9F001BCD99 /* ComposeViewController.swift */,
			);
			name = "Compose View Controller";
			sourceTree = "<group>";
		};
		8BFDA0981DC553F500FACA24 /* Detail View Controller */ = {
			isa = PBXGroup;
			children = (
				8BFDA0961DC553E500FACA24 /* DetailViewController.swift */,
			);
			name = "Detail View Controller";
			sourceTree = "<group>";
		};
		8ED42D00870590ACA1305B4A /* Pods */ = {
			isa = PBXGroup;
			children = (
				03F71FC1A9F0B292E94D6509 /* Pods-Twittster.debug.xcconfig */,
				531C172528A986A5122B6385 /* Pods-Twittster.release.xcconfig */,
				5EEEDCE23F5FA5BD9BED0C41 /* Pods-TwittsterTests.debug.xcconfig */,
				C85AC6AAC6BBC14DE0533042 /* Pods-TwittsterTests.release.xcconfig */,
				EC24F3E29195080DF85EC5F4 /* Pods-TwittsterUITests.debug.xcconfig */,
				1B3C20B171ADA2C823F85651 /* Pods-TwittsterUITests.release.xcconfig */,
			);
			name = Pods;
			sourceTree = "<group>";
		};
/* End PBXGroup section */

/* Begin PBXNativeTarget section */
		8BACBF161DC2ABFC0089CB59 /* Twittster */ = {
			isa = PBXNativeTarget;
			buildConfigurationList = 8BACBF3F1DC2ABFC0089CB59 /* Build configuration list for PBXNativeTarget "Twittster" */;
			buildPhases = (
				F914FCACA4C4D84E27219A82 /* [CP] Check Pods Manifest.lock */,
				8BACBF131DC2ABFC0089CB59 /* Sources */,
				8BACBF141DC2ABFC0089CB59 /* Frameworks */,
				8BACBF151DC2ABFC0089CB59 /* Resources */,
				A68FA0CAF411BD5DCB84E824 /* [CP] Embed Pods Frameworks */,
				8F136FBE4FB83299D6840DA5 /* [CP] Copy Pods Resources */,
			);
			buildRules = (
			);
			dependencies = (
			);
			name = Twittster;
			productName = Twittster;
			productReference = 8BACBF171DC2ABFC0089CB59 /* Twittster.app */;
			productType = "com.apple.product-type.application";
		};
		8BACBF2A1DC2ABFC0089CB59 /* TwittsterTests */ = {
			isa = PBXNativeTarget;
			buildConfigurationList = 8BACBF421DC2ABFC0089CB59 /* Build configuration list for PBXNativeTarget "TwittsterTests" */;
			buildPhases = (
				114C966B727A8EBAE4958689 /* [CP] Check Pods Manifest.lock */,
				8BACBF271DC2ABFC0089CB59 /* Sources */,
				8BACBF281DC2ABFC0089CB59 /* Frameworks */,
				8BACBF291DC2ABFC0089CB59 /* Resources */,
				FAB0DACFA3D42E4D64B4D835 /* [CP] Embed Pods Frameworks */,
				3949796B483A242201BFED26 /* [CP] Copy Pods Resources */,
			);
			buildRules = (
			);
			dependencies = (
				8BACBF2D1DC2ABFC0089CB59 /* PBXTargetDependency */,
			);
			name = TwittsterTests;
			productName = TwittsterTests;
			productReference = 8BACBF2B1DC2ABFC0089CB59 /* TwittsterTests.xctest */;
			productType = "com.apple.product-type.bundle.unit-test";
		};
		8BACBF351DC2ABFC0089CB59 /* TwittsterUITests */ = {
			isa = PBXNativeTarget;
			buildConfigurationList = 8BACBF451DC2ABFC0089CB59 /* Build configuration list for PBXNativeTarget "TwittsterUITests" */;
			buildPhases = (
				E0B0241AD2211E3EDFC3132D /* [CP] Check Pods Manifest.lock */,
				8BACBF321DC2ABFC0089CB59 /* Sources */,
				8BACBF331DC2ABFC0089CB59 /* Frameworks */,
				8BACBF341DC2ABFC0089CB59 /* Resources */,
				D64E80F487F4665BB322E8E0 /* [CP] Copy Pods Resources */,
			);
			buildRules = (
			);
			dependencies = (
				8BACBF381DC2ABFC0089CB59 /* PBXTargetDependency */,
			);
			name = TwittsterUITests;
			productName = TwittsterUITests;
			productReference = 8BACBF361DC2ABFC0089CB59 /* TwittsterUITests.xctest */;
			productType = "com.apple.product-type.bundle.ui-testing";
		};
/* End PBXNativeTarget section */

/* Begin PBXProject section */
		8BACBF0F1DC2ABFC0089CB59 /* Project object */ = {
			isa = PBXProject;
			attributes = {
				LastSwiftUpdateCheck = 0800;
				LastUpgradeCheck = 0810;
				ORGANIZATIONNAME = Developer;
				TargetAttributes = {
					8BACBF161DC2ABFC0089CB59 = {
						CreatedOnToolsVersion = 8.0;
						DevelopmentTeam = SDHBMW8ZGY;
						LastSwiftMigration = 0800;
						ProvisioningStyle = Automatic;
						SystemCapabilities = {
							com.apple.Keychain = {
								enabled = 1;
							};
						};
					};
					8BACBF2A1DC2ABFC0089CB59 = {
						CreatedOnToolsVersion = 8.0;
						DevelopmentTeam = SDHBMW8ZGY;
						ProvisioningStyle = Automatic;
						TestTargetID = 8BACBF161DC2ABFC0089CB59;
					};
					8BACBF351DC2ABFC0089CB59 = {
						CreatedOnToolsVersion = 8.0;
						DevelopmentTeam = SDHBMW8ZGY;
						ProvisioningStyle = Automatic;
						TestTargetID = 8BACBF161DC2ABFC0089CB59;
					};
				};
			};
			buildConfigurationList = 8BACBF121DC2ABFC0089CB59 /* Build configuration list for PBXProject "Twittster" */;
			compatibilityVersion = "Xcode 3.2";
			developmentRegion = English;
			hasScannedForEncodings = 0;
			knownRegions = (
				en,
				Base,
			);
			mainGroup = 8BACBF0E1DC2ABFC0089CB59;
			productRefGroup = 8BACBF181DC2ABFC0089CB59 /* Products */;
			projectDirPath = "";
			projectRoot = "";
			targets = (
				8BACBF161DC2ABFC0089CB59 /* Twittster */,
				8BACBF2A1DC2ABFC0089CB59 /* TwittsterTests */,
				8BACBF351DC2ABFC0089CB59 /* TwittsterUITests */,
			);
		};
/* End PBXProject section */

/* Begin PBXResourcesBuildPhase section */
		8BACBF151DC2ABFC0089CB59 /* Resources */ = {
			isa = PBXResourcesBuildPhase;
			buildActionMask = 2147483647;
			files = (
				8BACBF251DC2ABFC0089CB59 /* LaunchScreen.storyboard in Resources */,
				8BACBF221DC2ABFC0089CB59 /* Assets.xcassets in Resources */,
				8BACBF201DC2ABFC0089CB59 /* Main.storyboard in Resources */,
			);
			runOnlyForDeploymentPostprocessing = 0;
		};
		8BACBF291DC2ABFC0089CB59 /* Resources */ = {
			isa = PBXResourcesBuildPhase;
			buildActionMask = 2147483647;
			files = (
			);
			runOnlyForDeploymentPostprocessing = 0;
		};
		8BACBF341DC2ABFC0089CB59 /* Resources */ = {
			isa = PBXResourcesBuildPhase;
			buildActionMask = 2147483647;
			files = (
			);
			runOnlyForDeploymentPostprocessing = 0;
		};
/* End PBXResourcesBuildPhase section */

/* Begin PBXShellScriptBuildPhase section */
		114C966B727A8EBAE4958689 /* [CP] Check Pods Manifest.lock */ = {
			isa = PBXShellScriptBuildPhase;
			buildActionMask = 2147483647;
			files = (
			);
			inputPaths = (
			);
			name = "[CP] Check Pods Manifest.lock";
			outputPaths = (
			);
			runOnlyForDeploymentPostprocessing = 0;
			shellPath = /bin/sh;
			shellScript = "diff \"${PODS_ROOT}/../Podfile.lock\" \"${PODS_ROOT}/Manifest.lock\" > /dev/null\nif [[ $? != 0 ]] ; then\n    cat << EOM\nerror: The sandbox is not in sync with the Podfile.lock. Run 'pod install' or update your CocoaPods installation.\nEOM\n    exit 1\nfi\n";
			showEnvVarsInLog = 0;
		};
		3949796B483A242201BFED26 /* [CP] Copy Pods Resources */ = {
			isa = PBXShellScriptBuildPhase;
			buildActionMask = 2147483647;
			files = (
			);
			inputPaths = (
			);
			name = "[CP] Copy Pods Resources";
			outputPaths = (
			);
			runOnlyForDeploymentPostprocessing = 0;
			shellPath = /bin/sh;
			shellScript = "\"${SRCROOT}/Pods/Target Support Files/Pods-TwittsterTests/Pods-TwittsterTests-resources.sh\"\n";
			showEnvVarsInLog = 0;
		};
		8F136FBE4FB83299D6840DA5 /* [CP] Copy Pods Resources */ = {
			isa = PBXShellScriptBuildPhase;
			buildActionMask = 2147483647;
			files = (
			);
			inputPaths = (
			);
			name = "[CP] Copy Pods Resources";
			outputPaths = (
			);
			runOnlyForDeploymentPostprocessing = 0;
			shellPath = /bin/sh;
			shellScript = "\"${SRCROOT}/Pods/Target Support Files/Pods-Twittster/Pods-Twittster-resources.sh\"\n";
			showEnvVarsInLog = 0;
		};
		A68FA0CAF411BD5DCB84E824 /* [CP] Embed Pods Frameworks */ = {
			isa = PBXShellScriptBuildPhase;
			buildActionMask = 2147483647;
			files = (
			);
			inputPaths = (
			);
			name = "[CP] Embed Pods Frameworks";
			outputPaths = (
			);
			runOnlyForDeploymentPostprocessing = 0;
			shellPath = /bin/sh;
			shellScript = "\"${SRCROOT}/Pods/Target Support Files/Pods-Twittster/Pods-Twittster-frameworks.sh\"\n";
			showEnvVarsInLog = 0;
		};
		D64E80F487F4665BB322E8E0 /* [CP] Copy Pods Resources */ = {
			isa = PBXShellScriptBuildPhase;
			buildActionMask = 2147483647;
			files = (
			);
			inputPaths = (
			);
			name = "[CP] Copy Pods Resources";
			outputPaths = (
			);
			runOnlyForDeploymentPostprocessing = 0;
			shellPath = /bin/sh;
			shellScript = "\"${SRCROOT}/Pods/Target Support Files/Pods-TwittsterUITests/Pods-TwittsterUITests-resources.sh\"\n";
			showEnvVarsInLog = 0;
		};
		E0B0241AD2211E3EDFC3132D /* [CP] Check Pods Manifest.lock */ = {
			isa = PBXShellScriptBuildPhase;
			buildActionMask = 2147483647;
			files = (
			);
			inputPaths = (
			);
			name = "[CP] Check Pods Manifest.lock";
			outputPaths = (
			);
			runOnlyForDeploymentPostprocessing = 0;
			shellPath = /bin/sh;
			shellScript = "diff \"${PODS_ROOT}/../Podfile.lock\" \"${PODS_ROOT}/Manifest.lock\" > /dev/null\nif [[ $? != 0 ]] ; then\n    cat << EOM\nerror: The sandbox is not in sync with the Podfile.lock. Run 'pod install' or update your CocoaPods installation.\nEOM\n    exit 1\nfi\n";
			showEnvVarsInLog = 0;
		};
		F914FCACA4C4D84E27219A82 /* [CP] Check Pods Manifest.lock */ = {
			isa = PBXShellScriptBuildPhase;
			buildActionMask = 2147483647;
			files = (
			);
			inputPaths = (
			);
			name = "[CP] Check Pods Manifest.lock";
			outputPaths = (
			);
			runOnlyForDeploymentPostprocessing = 0;
			shellPath = /bin/sh;
			shellScript = "diff \"${PODS_ROOT}/../Podfile.lock\" \"${PODS_ROOT}/Manifest.lock\" > /dev/null\nif [[ $? != 0 ]] ; then\n    cat << EOM\nerror: The sandbox is not in sync with the Podfile.lock. Run 'pod install' or update your CocoaPods installation.\nEOM\n    exit 1\nfi\n";
			showEnvVarsInLog = 0;
		};
		FAB0DACFA3D42E4D64B4D835 /* [CP] Embed Pods Frameworks */ = {
			isa = PBXShellScriptBuildPhase;
			buildActionMask = 2147483647;
			files = (
			);
			inputPaths = (
			);
			name = "[CP] Embed Pods Frameworks";
			outputPaths = (
			);
			runOnlyForDeploymentPostprocessing = 0;
			shellPath = /bin/sh;
			shellScript = "\"${SRCROOT}/Pods/Target Support Files/Pods-TwittsterTests/Pods-TwittsterTests-frameworks.sh\"\n";
			showEnvVarsInLog = 0;
		};
/* End PBXShellScriptBuildPhase section */

/* Begin PBXSourcesBuildPhase section */
		8BACBF131DC2ABFC0089CB59 /* Sources */ = {
			isa = PBXSourcesBuildPhase;
			buildActionMask = 2147483647;
			files = (
				8BFDA0971DC553E500FACA24 /* DetailViewController.swift in Sources */,
				8B8684391DC5238E003D1287 /* MainTweetCell.swift in Sources */,
				8BB1E5281DCA9AAB0092BEC9 /* HamburgerViewController.swift in Sources */,
				8B09C2AD1DCC352100B73FB8 /* MentionsViewController.swift in Sources */,
				8BC5D7591DCFF14900903169 /* AddCell.swift in Sources */,
				8BC6E1F51DCAAE09002E2ACF /* MenuViewController.swift in Sources */,
				8BCA546A1DC71EE3001DD7F0 /* LoginVC.swift in Sources */,
				8B72A1E51DCD5402005721B8 /* ProfileViewController.swift in Sources */,
				8B6AF17B1DC307A9000C05CA /* TwitterServer.swift in Sources */,
				8BD8683A1DC6EE9F001BCD99 /* ComposeViewController.swift in Sources */,
				8BACBF1B1DC2ABFC0089CB59 /* AppDelegate.swift in Sources */,
				8B6AF1791DC2B39C000C05CA /* Constant.swift in Sources */,
				8B7F9C941DCE73E200C66CDF /* ProfileBannerViewCell.swift in Sources */,
				8B6AF17F1DC32111000C05CA /* MainViewController.swift in Sources */,
				8B6AF1821DC411FF000C05CA /* Tweet.swift in Sources */,
				8BC5D7541DCFBC3600903169 /* MenuCell.swift in Sources */,
				8B7F9C961DCEBF1400C66CDF /* UserStateCell.swift in Sources */,
				8B6AF1871DC41289000C05CA /* TweetSample.m in Sources */,
				8B639D681DCBC457008FA772 /* RedViewController.swift in Sources */,
				8BC5D7571DCFEB4B00903169 /* UserAccountCell.swift in Sources */,
				8B6AF18A1DC41447000C05CA /* TwittsterUser.swift in Sources */,
				8B639D661DCBC43F008FA772 /* BlueViewController.swift in Sources */,
				8B6AF18C1DC41592000C05CA /* TweetEntities.swift in Sources */,
			);
			runOnlyForDeploymentPostprocessing = 0;
		};
		8BACBF271DC2ABFC0089CB59 /* Sources */ = {
			isa = PBXSourcesBuildPhase;
			buildActionMask = 2147483647;
			files = (
				8BACBF301DC2ABFC0089CB59 /* TwittsterTests.swift in Sources */,
			);
			runOnlyForDeploymentPostprocessing = 0;
		};
		8BACBF321DC2ABFC0089CB59 /* Sources */ = {
			isa = PBXSourcesBuildPhase;
			buildActionMask = 2147483647;
			files = (
				8BACBF3B1DC2ABFC0089CB59 /* TwittsterUITests.swift in Sources */,
			);
			runOnlyForDeploymentPostprocessing = 0;
		};
/* End PBXSourcesBuildPhase section */

/* Begin PBXTargetDependency section */
		8BACBF2D1DC2ABFC0089CB59 /* PBXTargetDependency */ = {
			isa = PBXTargetDependency;
			target = 8BACBF161DC2ABFC0089CB59 /* Twittster */;
			targetProxy = 8BACBF2C1DC2ABFC0089CB59 /* PBXContainerItemProxy */;
		};
		8BACBF381DC2ABFC0089CB59 /* PBXTargetDependency */ = {
			isa = PBXTargetDependency;
			target = 8BACBF161DC2ABFC0089CB59 /* Twittster */;
			targetProxy = 8BACBF371DC2ABFC0089CB59 /* PBXContainerItemProxy */;
		};
/* End PBXTargetDependency section */

/* Begin PBXVariantGroup section */
		8BACBF1E1DC2ABFC0089CB59 /* Main.storyboard */ = {
			isa = PBXVariantGroup;
			children = (
				8BACBF1F1DC2ABFC0089CB59 /* Base */,
			);
			name = Main.storyboard;
			sourceTree = "<group>";
		};
		8BACBF231DC2ABFC0089CB59 /* LaunchScreen.storyboard */ = {
			isa = PBXVariantGroup;
			children = (
				8BACBF241DC2ABFC0089CB59 /* Base */,
			);
			name = LaunchScreen.storyboard;
			sourceTree = "<group>";
		};
/* End PBXVariantGroup section */

/* Begin XCBuildConfiguration section */
		8BACBF3D1DC2ABFC0089CB59 /* Debug */ = {
			isa = XCBuildConfiguration;
			buildSettings = {
				ALWAYS_SEARCH_USER_PATHS = NO;
				CLANG_ANALYZER_NONNULL = YES;
				CLANG_CXX_LANGUAGE_STANDARD = "gnu++0x";
				CLANG_CXX_LIBRARY = "libc++";
				CLANG_ENABLE_MODULES = YES;
				CLANG_ENABLE_OBJC_ARC = YES;
				CLANG_WARN_BOOL_CONVERSION = YES;
				CLANG_WARN_CONSTANT_CONVERSION = YES;
				CLANG_WARN_DIRECT_OBJC_ISA_USAGE = YES_ERROR;
				CLANG_WARN_DOCUMENTATION_COMMENTS = YES;
				CLANG_WARN_EMPTY_BODY = YES;
				CLANG_WARN_ENUM_CONVERSION = YES;
				CLANG_WARN_INFINITE_RECURSION = YES;
				CLANG_WARN_INT_CONVERSION = YES;
				CLANG_WARN_OBJC_ROOT_CLASS = YES_ERROR;
				CLANG_WARN_SUSPICIOUS_MOVE = YES;
				CLANG_WARN_SUSPICIOUS_MOVES = YES;
				CLANG_WARN_UNREACHABLE_CODE = YES;
				CLANG_WARN__DUPLICATE_METHOD_MATCH = YES;
				"CODE_SIGN_IDENTITY[sdk=iphoneos*]" = "iPhone Developer";
				COPY_PHASE_STRIP = NO;
				DEBUG_ACTIVITY_MODE = "";
				"DEBUG_ACTIVITY_MODE[sdk=iphonesimulator*]" = disable;
				DEBUG_INFORMATION_FORMAT = dwarf;
				ENABLE_STRICT_OBJC_MSGSEND = YES;
				ENABLE_TESTABILITY = YES;
				GCC_C_LANGUAGE_STANDARD = gnu99;
				GCC_DYNAMIC_NO_PIC = NO;
				GCC_NO_COMMON_BLOCKS = YES;
				GCC_OPTIMIZATION_LEVEL = 0;
				GCC_PREPROCESSOR_DEFINITIONS = (
					"DEBUG=1",
					"$(inherited)",
				);
				GCC_WARN_64_TO_32_BIT_CONVERSION = YES;
				GCC_WARN_ABOUT_RETURN_TYPE = YES_ERROR;
				GCC_WARN_UNDECLARED_SELECTOR = YES;
				GCC_WARN_UNINITIALIZED_AUTOS = YES_AGGRESSIVE;
				GCC_WARN_UNUSED_FUNCTION = YES;
				GCC_WARN_UNUSED_VARIABLE = YES;
				IPHONEOS_DEPLOYMENT_TARGET = 10.0;
				MTL_ENABLE_DEBUG_INFO = YES;
				ONLY_ACTIVE_ARCH = YES;
				SDKROOT = iphoneos;
				SWIFT_ACTIVE_COMPILATION_CONDITIONS = DEBUG;
				SWIFT_OPTIMIZATION_LEVEL = "-Onone";
				TARGETED_DEVICE_FAMILY = "1,2";
			};
			name = Debug;
		};
		8BACBF3E1DC2ABFC0089CB59 /* Release */ = {
			isa = XCBuildConfiguration;
			buildSettings = {
				ALWAYS_SEARCH_USER_PATHS = NO;
				CLANG_ANALYZER_NONNULL = YES;
				CLANG_CXX_LANGUAGE_STANDARD = "gnu++0x";
				CLANG_CXX_LIBRARY = "libc++";
				CLANG_ENABLE_MODULES = YES;
				CLANG_ENABLE_OBJC_ARC = YES;
				CLANG_WARN_BOOL_CONVERSION = YES;
				CLANG_WARN_CONSTANT_CONVERSION = YES;
				CLANG_WARN_DIRECT_OBJC_ISA_USAGE = YES_ERROR;
				CLANG_WARN_DOCUMENTATION_COMMENTS = YES;
				CLANG_WARN_EMPTY_BODY = YES;
				CLANG_WARN_ENUM_CONVERSION = YES;
				CLANG_WARN_INFINITE_RECURSION = YES;
				CLANG_WARN_INT_CONVERSION = YES;
				CLANG_WARN_OBJC_ROOT_CLASS = YES_ERROR;
				CLANG_WARN_SUSPICIOUS_MOVE = YES;
				CLANG_WARN_SUSPICIOUS_MOVES = YES;
				CLANG_WARN_UNREACHABLE_CODE = YES;
				CLANG_WARN__DUPLICATE_METHOD_MATCH = YES;
				"CODE_SIGN_IDENTITY[sdk=iphoneos*]" = "iPhone Developer";
				COPY_PHASE_STRIP = NO;
				DEBUG_ACTIVITY_MODE = "";
				DEBUG_INFORMATION_FORMAT = "dwarf-with-dsym";
				ENABLE_NS_ASSERTIONS = NO;
				ENABLE_STRICT_OBJC_MSGSEND = YES;
				GCC_C_LANGUAGE_STANDARD = gnu99;
				GCC_NO_COMMON_BLOCKS = YES;
				GCC_WARN_64_TO_32_BIT_CONVERSION = YES;
				GCC_WARN_ABOUT_RETURN_TYPE = YES_ERROR;
				GCC_WARN_UNDECLARED_SELECTOR = YES;
				GCC_WARN_UNINITIALIZED_AUTOS = YES_AGGRESSIVE;
				GCC_WARN_UNUSED_FUNCTION = YES;
				GCC_WARN_UNUSED_VARIABLE = YES;
				IPHONEOS_DEPLOYMENT_TARGET = 10.0;
				MTL_ENABLE_DEBUG_INFO = NO;
				SDKROOT = iphoneos;
				SWIFT_OPTIMIZATION_LEVEL = "-Owholemodule";
				TARGETED_DEVICE_FAMILY = "1,2";
				VALIDATE_PRODUCT = YES;
			};
			name = Release;
		};
		8BACBF401DC2ABFC0089CB59 /* Debug */ = {
			isa = XCBuildConfiguration;
			baseConfigurationReference = 03F71FC1A9F0B292E94D6509 /* Pods-Twittster.debug.xcconfig */;
			buildSettings = {
				ASSETCATALOG_COMPILER_APPICON_NAME = AppIcon;
				CLANG_ENABLE_MODULES = YES;
				CODE_SIGN_ENTITLEMENTS = Twittster/Twittster.entitlements;
				DEVELOPMENT_TEAM = SDHBMW8ZGY;
				INFOPLIST_FILE = Twittster/Info.plist;
				LD_RUNPATH_SEARCH_PATHS = "$(inherited) @executable_path/Frameworks";
				PRODUCT_BUNDLE_IDENTIFIER = today.detour.Twittster;
				PRODUCT_NAME = "$(TARGET_NAME)";
				SWIFT_OBJC_BRIDGING_HEADER = "Twittster/Twittster-Bridging-Header.h";
				SWIFT_OPTIMIZATION_LEVEL = "-Onone";
				SWIFT_VERSION = 3.0;
			};
			name = Debug;
		};
		8BACBF411DC2ABFC0089CB59 /* Release */ = {
			isa = XCBuildConfiguration;
			baseConfigurationReference = 531C172528A986A5122B6385 /* Pods-Twittster.release.xcconfig */;
			buildSettings = {
				ASSETCATALOG_COMPILER_APPICON_NAME = AppIcon;
				CLANG_ENABLE_MODULES = YES;
				CODE_SIGN_ENTITLEMENTS = Twittster/Twittster.entitlements;
				DEVELOPMENT_TEAM = SDHBMW8ZGY;
				INFOPLIST_FILE = Twittster/Info.plist;
				LD_RUNPATH_SEARCH_PATHS = "$(inherited) @executable_path/Frameworks";
				PRODUCT_BUNDLE_IDENTIFIER = today.detour.Twittster;
				PRODUCT_NAME = "$(TARGET_NAME)";
				SWIFT_OBJC_BRIDGING_HEADER = "Twittster/Twittster-Bridging-Header.h";
				SWIFT_VERSION = 3.0;
			};
			name = Release;
		};
		8BACBF431DC2ABFC0089CB59 /* Debug */ = {
			isa = XCBuildConfiguration;
			baseConfigurationReference = 5EEEDCE23F5FA5BD9BED0C41 /* Pods-TwittsterTests.debug.xcconfig */;
			buildSettings = {
				ALWAYS_EMBED_SWIFT_STANDARD_LIBRARIES = YES;
				BUNDLE_LOADER = "$(TEST_HOST)";
				DEVELOPMENT_TEAM = SDHBMW8ZGY;
				INFOPLIST_FILE = TwittsterTests/Info.plist;
				LD_RUNPATH_SEARCH_PATHS = "$(inherited) @executable_path/Frameworks @loader_path/Frameworks";
				PRODUCT_BUNDLE_IDENTIFIER = today.detour.TwittsterTests;
				PRODUCT_NAME = "$(TARGET_NAME)";
				SWIFT_VERSION = 3.0;
				TEST_HOST = "$(BUILT_PRODUCTS_DIR)/Twittster.app/Twittster";
			};
			name = Debug;
		};
		8BACBF441DC2ABFC0089CB59 /* Release */ = {
			isa = XCBuildConfiguration;
			baseConfigurationReference = C85AC6AAC6BBC14DE0533042 /* Pods-TwittsterTests.release.xcconfig */;
			buildSettings = {
				ALWAYS_EMBED_SWIFT_STANDARD_LIBRARIES = YES;
				BUNDLE_LOADER = "$(TEST_HOST)";
				DEVELOPMENT_TEAM = SDHBMW8ZGY;
				INFOPLIST_FILE = TwittsterTests/Info.plist;
				LD_RUNPATH_SEARCH_PATHS = "$(inherited) @executable_path/Frameworks @loader_path/Frameworks";
				PRODUCT_BUNDLE_IDENTIFIER = today.detour.TwittsterTests;
				PRODUCT_NAME = "$(TARGET_NAME)";
				SWIFT_VERSION = 3.0;
				TEST_HOST = "$(BUILT_PRODUCTS_DIR)/Twittster.app/Twittster";
			};
			name = Release;
		};
		8BACBF461DC2ABFC0089CB59 /* Debug */ = {
			isa = XCBuildConfiguration;
			baseConfigurationReference = EC24F3E29195080DF85EC5F4 /* Pods-TwittsterUITests.debug.xcconfig */;
			buildSettings = {
				ALWAYS_EMBED_SWIFT_STANDARD_LIBRARIES = YES;
				DEVELOPMENT_TEAM = SDHBMW8ZGY;
				INFOPLIST_FILE = TwittsterUITests/Info.plist;
				LD_RUNPATH_SEARCH_PATHS = "$(inherited) @executable_path/Frameworks @loader_path/Frameworks";
				PRODUCT_BUNDLE_IDENTIFIER = today.detour.TwittsterUITests;
				PRODUCT_NAME = "$(TARGET_NAME)";
				SWIFT_VERSION = 3.0;
				TEST_TARGET_NAME = Twittster;
			};
			name = Debug;
		};
		8BACBF471DC2ABFC0089CB59 /* Release */ = {
			isa = XCBuildConfiguration;
			baseConfigurationReference = 1B3C20B171ADA2C823F85651 /* Pods-TwittsterUITests.release.xcconfig */;
			buildSettings = {
				ALWAYS_EMBED_SWIFT_STANDARD_LIBRARIES = YES;
				DEVELOPMENT_TEAM = SDHBMW8ZGY;
				INFOPLIST_FILE = TwittsterUITests/Info.plist;
				LD_RUNPATH_SEARCH_PATHS = "$(inherited) @executable_path/Frameworks @loader_path/Frameworks";
				PRODUCT_BUNDLE_IDENTIFIER = today.detour.TwittsterUITests;
				PRODUCT_NAME = "$(TARGET_NAME)";
				SWIFT_VERSION = 3.0;
				TEST_TARGET_NAME = Twittster;
			};
			name = Release;
		};
/* End XCBuildConfiguration section */

/* Begin XCConfigurationList section */
		8BACBF121DC2ABFC0089CB59 /* Build configuration list for PBXProject "Twittster" */ = {
			isa = XCConfigurationList;
			buildConfigurations = (
				8BACBF3D1DC2ABFC0089CB59 /* Debug */,
				8BACBF3E1DC2ABFC0089CB59 /* Release */,
			);
			defaultConfigurationIsVisible = 0;
			defaultConfigurationName = Release;
		};
		8BACBF3F1DC2ABFC0089CB59 /* Build configuration list for PBXNativeTarget "Twittster" */ = {
			isa = XCConfigurationList;
			buildConfigurations = (
				8BACBF401DC2ABFC0089CB59 /* Debug */,
				8BACBF411DC2ABFC0089CB59 /* Release */,
			);
			defaultConfigurationIsVisible = 0;
			defaultConfigurationName = Release;
		};
		8BACBF421DC2ABFC0089CB59 /* Build configuration list for PBXNativeTarget "TwittsterTests" */ = {
			isa = XCConfigurationList;
			buildConfigurations = (
				8BACBF431DC2ABFC0089CB59 /* Debug */,
				8BACBF441DC2ABFC0089CB59 /* Release */,
			);
			defaultConfigurationIsVisible = 0;
			defaultConfigurationName = Release;
		};
		8BACBF451DC2ABFC0089CB59 /* Build configuration list for PBXNativeTarget "TwittsterUITests" */ = {
			isa = XCConfigurationList;
			buildConfigurations = (
				8BACBF461DC2ABFC0089CB59 /* Debug */,
				8BACBF471DC2ABFC0089CB59 /* Release */,
			);
			defaultConfigurationIsVisible = 0;
			defaultConfigurationName = Release;
		};
/* End XCConfigurationList section */
	};
	rootObject = 8BACBF0F1DC2ABFC0089CB59 /* Project object */;
}
